
Microsoft Visual Studio Solution File, Format Version 12.00
# Visual Studio Version 17
VisualStudioVersion = 17.14.36414.22
MinimumVisualStudioVersion = 10.0.40219.1
Project("{FAE04EC0-301F-11D3-BF4B-00C04F79EFBC}") = "Filter", "MyFirst\Filter.csproj", "{3CD5834C-BE1C-4F08-B082-6168BD681B08}"
EndProject
Project("{FAE04EC0-301F-11D3-BF4B-00C04F79EFBC}") = "Fast Fourier Transform", "Fast Fourier Transform\Fast Fourier Transform.csproj", "{A3B21932-36C1-4718-A1F3-EB9C6A3A1EAC}"
EndProject
Global
	GlobalSection(SolutionConfigurationPlatforms) = preSolution
		Debug|Any CPU = Debug|Any CPU
		Release|Any CPU = Release|Any CPU
	EndGlobalSection
	GlobalSection(ProjectConfigurationPlatforms) = postSolution
		{3CD5834C-BE1C-4F08-B082-6168BD681B08}.Debug|Any CPU.ActiveCfg = Debug|Any CPU
		{3CD5834C-BE1C-4F08-B082-6168BD681B08}.Debug|Any CPU.Build.0 = Debug|Any CPU
		{3CD5834C-BE1C-4F08-B082-6168BD681B08}.Release|Any CPU.ActiveCfg = Release|Any CPU
		{3CD5834C-BE1C-4F08-B082-6168BD681B08}.Release|Any CPU.Build.0 = Release|Any CPU
		{A3B21932-36C1-4718-A1F3-EB9C6A3A1EAC}.Debug|Any CPU.ActiveCfg = Debug|Any CPU
		{A3B21932-36C1-4718-A1F3-EB9C6A3A1EAC}.Debug|Any CPU.Build.0 = Debug|Any CPU
		{A3B21932-36C1-4718-A1F3-EB9C6A3A1EAC}.Release|Any CPU.ActiveCfg = Release|Any CPU
		{A3B21932-36C1-4718-A1F3-EB9C6A3A1EAC}.Release|Any CPU.Build.0 = Release|Any CPU
	EndGlobalSection
	GlobalSection(SolutionProperties) = preSolution
		HideSolutionNode = FALSE
	EndGlobalSection
	GlobalSection(ExtensibilityGlobals) = postSolution
		SolutionGuid = {BFF01CD4-9F87-40ED-B537-A6EA007712F4}
	EndGlobalSection
EndGlobal
